
Microsoft Visual Studio Solution File, Format Version 12.00
# Visual Studio Version 17
VisualStudioVersion = 17.0.32014.148
MinimumVisualStudioVersion = 10.0.40219.1
Project("{FAE04EC0-301F-11D3-BF4B-00C04F79EFBC}") = "TheDebutAlbum", "TheDebutAlbum.csproj", "{AC8C82B1-E9CE-4D71-9C67-B6C599CB1DD8}"
EndProject
Project("{2150E333-8FDC-42A3-9474-1A3956D46DE8}") = "AlgoGuide", "AlgoGuide", "{326BBE3F-D9E6-412D-8D25-F933A8984B64}"
EndProject
Project("{2150E333-8FDC-42A3-9474-1A3956D46DE8}") = "Chapter2", "Chapter2", "{CF025496-439C-4A1D-A393-1FE5D261C273}"
EndProject
Project("{FAE04EC0-301F-11D3-BF4B-00C04F79EFBC}") = "Sort", "..\Sort\Sort.csproj", "{618C572E-31C1-4447-98D7-C9683CC378BD}"
EndProject
Global
	GlobalSection(SolutionConfigurationPlatforms) = preSolution
		Debug|Any CPU = Debug|Any CPU
		Release|Any CPU = Release|Any CPU
	EndGlobalSection
	GlobalSection(ProjectConfigurationPlatforms) = postSolution
		{AC8C82B1-E9CE-4D71-9C67-B6C599CB1DD8}.Debug|Any CPU.ActiveCfg = Debug|Any CPU
		{AC8C82B1-E9CE-4D71-9C67-B6C599CB1DD8}.Debug|Any CPU.Build.0 = Debug|Any CPU
		{AC8C82B1-E9CE-4D71-9C67-B6C599CB1DD8}.Release|Any CPU.ActiveCfg = Release|Any CPU
		{AC8C82B1-E9CE-4D71-9C67-B6C599CB1DD8}.Release|Any CPU.Build.0 = Release|Any CPU
		{618C572E-31C1-4447-98D7-C9683CC378BD}.Debug|Any CPU.ActiveCfg = Debug|Any CPU
		{618C572E-31C1-4447-98D7-C9683CC378BD}.Debug|Any CPU.Build.0 = Debug|Any CPU
		{618C572E-31C1-4447-98D7-C9683CC378BD}.Release|Any CPU.ActiveCfg = Release|Any CPU
		{618C572E-31C1-4447-98D7-C9683CC378BD}.Release|Any CPU.Build.0 = Release|Any CPU
	EndGlobalSection
	GlobalSection(SolutionProperties) = preSolution
		HideSolutionNode = FALSE
	EndGlobalSection
	GlobalSection(NestedProjects) = preSolution
		{CF025496-439C-4A1D-A393-1FE5D261C273} = {326BBE3F-D9E6-412D-8D25-F933A8984B64}
		{618C572E-31C1-4447-98D7-C9683CC378BD} = {CF025496-439C-4A1D-A393-1FE5D261C273}
	EndGlobalSection
	GlobalSection(ExtensibilityGlobals) = postSolution
		SolutionGuid = {19D470F4-C30A-4BB7-B434-0E454BF6E6DC}
	EndGlobalSection
EndGlobal
